// !$*UTF8*$!
{
	archiveVersion = 1;
	classes = {
	};
	objectVersion = 50;
	objects = {

/* Begin PBXBuildFile section */
		F098C76023FF2653003F828E /* AppDelegate.swift in Sources */ = {isa = PBXBuildFile; fileRef = F098C75F23FF2653003F828E /* AppDelegate.swift */; };
		F098C76223FF2653003F828E /* SceneDelegate.swift in Sources */ = {isa = PBXBuildFile; fileRef = F098C76123FF2653003F828E /* SceneDelegate.swift */; };
		F098C76923FF2657003F828E /* Assets.xcassets in Resources */ = {isa = PBXBuildFile; fileRef = F098C76823FF2657003F828E /* Assets.xcassets */; };
		F098C76C23FF2657003F828E /* LaunchScreen.storyboard in Resources */ = {isa = PBXBuildFile; fileRef = F098C76A23FF2657003F828E /* LaunchScreen.storyboard */; };
		F098C77823FF2989003F828E /* CustomTabBar.swift in Sources */ = {isa = PBXBuildFile; fileRef = F098C77723FF2989003F828E /* CustomTabBar.swift */; };
		F098C77B23FF2B4C003F828E /* HomeTabViewController.swift in Sources */ = {isa = PBXBuildFile; fileRef = F098C77923FF2B4B003F828E /* HomeTabViewController.swift */; };
		F098C77C23FF2B4C003F828E /* HomeTabViewController.xib in Resources */ = {isa = PBXBuildFile; fileRef = F098C77A23FF2B4B003F828E /* HomeTabViewController.xib */; };
/* End PBXBuildFile section */

/* Begin PBXFileReference section */
		F098C75C23FF2653003F828E /* BottomAppBar.app */ = {isa = PBXFileReference; explicitFileType = wrapper.application; includeInIndex = 0; path = BottomAppBar.app; sourceTree = BUILT_PRODUCTS_DIR; };
		F098C75F23FF2653003F828E /* AppDelegate.swift */ = {isa = PBXFileReference; lastKnownFileType = sourcecode.swift; path = AppDelegate.swift; sourceTree = "<group>"; };
		F098C76123FF2653003F828E /* SceneDelegate.swift */ = {isa = PBXFileReference; lastKnownFileType = sourcecode.swift; path = SceneDelegate.swift; sourceTree = "<group>"; };
		F098C76823FF2657003F828E /* Assets.xcassets */ = {isa = PBXFileReference; lastKnownFileType = folder.assetcatalog; path = Assets.xcassets; sourceTree = "<group>"; };
		F098C76B23FF2657003F828E /* Base */ = {isa = PBXFileReference; lastKnownFileType = file.storyboard; name = Base; path = Base.lproj/LaunchScreen.storyboard; sourceTree = "<group>"; };
		F098C76D23FF2657003F828E /* Info.plist */ = {isa = PBXFileReference; lastKnownFileType = text.plist.xml; path = Info.plist; sourceTree = "<group>"; };
		F098C77723FF2989003F828E /* CustomTabBar.swift */ = {isa = PBXFileReference; lastKnownFileType = sourcecode.swift; path = CustomTabBar.swift; sourceTree = "<group>"; };
		F098C77923FF2B4B003F828E /* HomeTabViewController.swift */ = {isa = PBXFileReference; lastKnownFileType = sourcecode.swift; path = HomeTabViewController.swift; sourceTree = "<group>"; };
		F098C77A23FF2B4B003F828E /* HomeTabViewController.xib */ = {isa = PBXFileReference; lastKnownFileType = file.xib; path = HomeTabViewController.xib; sourceTree = "<group>"; };
/* End PBXFileReference section */

/* Begin PBXFrameworksBuildPhase section */
		F098C75923FF2653003F828E /* Frameworks */ = {
			isa = PBXFrameworksBuildPhase;
			buildActionMask = 2147483647;
			files = (
			);
			runOnlyForDeploymentPostprocessing = 0;
		};
/* End PBXFrameworksBuildPhase section */

/* Begin PBXGroup section */
		F098C75323FF2653003F828E = {
			isa = PBXGroup;
			children = (
				F098C75E23FF2653003F828E /* BottomAppBar */,
				F098C75D23FF2653003F828E /* Products */,
			);
			sourceTree = "<group>";
		};
		F098C75D23FF2653003F828E /* Products */ = {
			isa = PBXGroup;
			children = (
				F098C75C23FF2653003F828E /* BottomAppBar.app */,
			);
			name = Products;
			sourceTree = "<group>";
		};
		F098C75E23FF2653003F828E /* BottomAppBar */ = {
			isa = PBXGroup;
			children = (
				F098C77723FF2989003F828E /* CustomTabBar.swift */,
				F098C77923FF2B4B003F828E /* HomeTabViewController.swift */,
				F098C77A23FF2B4B003F828E /* HomeTabViewController.xib */,
				F098C75F23FF2653003F828E /* AppDelegate.swift */,
				F098C76123FF2653003F828E /* SceneDelegate.swift */,
				F098C76823FF2657003F828E /* Assets.xcassets */,
				F098C76A23FF2657003F828E /* LaunchScreen.storyboard */,
				F098C76D23FF2657003F828E /* Info.plist */,
			);
			path = BottomAppBar;
			sourceTree = "<group>";
		};
/* End PBXGroup section */

/* Begin PBXNativeTarget section */
		F098C75B23FF2653003F828E /* BottomAppBar */ = {
			isa = PBXNativeTarget;
			buildConfigurationList = F098C77023FF2657003F828E /* Build configuration list for PBXNativeTarget "BottomAppBar" */;
			buildPhases = (
				F098C75823FF2653003F828E /* Sources */,
				F098C75923FF2653003F828E /* Frameworks */,
				F098C75A23FF2653003F828E /* Resources */,
			);
			buildRules = (
			);
			dependencies = (
			);
			name = BottomAppBar;
			productName = BottomAppBar;
			productReference = F098C75C23FF2653003F828E /* BottomAppBar.app */;
			productType = "com.apple.product-type.application";
		};
/* End PBXNativeTarget section */

/* Begin PBXProject section */
		F098C75423FF2653003F828E /* Project object */ = {
			isa = PBXProject;
			attributes = {
				LastSwiftUpdateCheck = 1130;
				LastUpgradeCheck = 1130;
				ORGANIZATIONNAME = "Junio Moquiuti";
				TargetAttributes = {
					F098C75B23FF2653003F828E = {
						CreatedOnToolsVersion = 11.3;
					};
				};
			};
			buildConfigurationList = F098C75723FF2653003F828E /* Build configuration list for PBXProject "BottomAppBar" */;
			compatibilityVersion = "Xcode 9.3";
			developmentRegion = en;
			hasScannedForEncodings = 0;
			knownRegions = (
				en,
				Base,
			);
			mainGroup = F098C75323FF2653003F828E;
			productRefGroup = F098C75D23FF2653003F828E /* Products */;
			projectDirPath = "";
			projectRoot = "";
			targets = (
				F098C75B23FF2653003F828E /* BottomAppBar */,
			);
		};
/* End PBXProject section */

/* Begin PBXResourcesBuildPhase section */
		F098C75A23FF2653003F828E /* Resources */ = {
			isa = PBXResourcesBuildPhase;
			buildActionMask = 2147483647;
			files = (
				F098C76C23FF2657003F828E /* LaunchScreen.storyboard in Resources */,
				F098C76923FF2657003F828E /* Assets.xcassets in Resources */,
				F098C77C23FF2B4C003F828E /* HomeTabViewController.xib in Resources */,
			);
			runOnlyForDeploymentPostprocessing = 0;
		};
/* End PBXResourcesBuildPhase section */

/* Begin PBXSourcesBuildPhase section */
		F098C75823FF2653003F828E /* Sources */ = {
			isa = PBXSourcesBuildPhase;
			buildActionMask = 2147483647;
			files = (
				F098C77823FF2989003F828E /* CustomTabBar.swift in Sources */,
				F098C77B23FF2B4C003F828E /* HomeTabViewController.swift in Sources */,
				F098C76023FF2653003F828E /* AppDelegate.swift in Sources */,
				F098C76223FF2653003F828E /* SceneDelegate.swift in Sources */,
			);
			runOnlyForDeploymentPostprocessing = 0;
		};
/* End PBXSourcesBuildPhase section */

/* Begin PBXVariantGroup section */
		F098C76A23FF2657003F828E /* LaunchScreen.storyboard */ = {
			isa = PBXVariantGroup;
			children = (
				F098C76B23FF2657003F828E /* Base */,
			);
			name = LaunchScreen.storyboard;
			sourceTree = "<group>";
		};
/* End PBXVariantGroup section */

/* Begin XCBuildConfiguration section */
		F098C76E23FF2657003F828E /* Debug */ = {
			isa = XCBuildConfiguration;
			buildSettings = {
				ALWAYS_SEARCH_USER_PATHS = NO;
				CLANG_ANALYZER_NONNULL = YES;
				CLANG_ANALYZER_NUMBER_OBJECT_CONVERSION = YES_AGGRESSIVE;
				CLANG_CXX_LANGUAGE_STANDARD = "gnu++14";
				CLANG_CXX_LIBRARY = "libc++";
				CLANG_ENABLE_MODULES = YES;
				CLANG_ENABLE_OBJC_ARC = YES;
				CLANG_ENABLE_OBJC_WEAK = YES;
				CLANG_WARN_BLOCK_CAPTURE_AUTORELEASING = YES;
				CLANG_WARN_BOOL_CONVERSION = YES;
				CLANG_WARN_COMMA = YES;
				CLANG_WARN_CONSTANT_CONVERSION = YES;
				CLANG_WARN_DEPRECATED_OBJC_IMPLEMENTATIONS = YES;
				CLANG_WARN_DIRECT_OBJC_ISA_USAGE = YES_ERROR;
				CLANG_WARN_DOCUMENTATION_COMMENTS = YES;
				CLANG_WARN_EMPTY_BODY = YES;
				CLANG_WARN_ENUM_CONVERSION = YES;
				CLANG_WARN_INFINITE_RECURSION = YES;
				CLANG_WARN_INT_CONVERSION = YES;
				CLANG_WARN_NON_LITERAL_NULL_CONVERSION = YES;
				CLANG_WARN_OBJC_IMPLICIT_RETAIN_SELF = YES;
				CLANG_WARN_OBJC_LITERAL_CONVERSION = YES;
				CLANG_WARN_OBJC_ROOT_CLASS = YES_ERROR;
				CLANG_WARN_RANGE_LOOP_ANALYSIS = YES;
				CLANG_WARN_STRICT_PROTOTYPES = YES;
				CLANG_WARN_SUSPICIOUS_MOVE = YES;
				CLANG_WARN_UNGUARDED_AVAILABILITY = YES_AGGRESSIVE;
				CLANG_WARN_UNREACHABLE_CODE = YES;
				CLANG_WARN__DUPLICATE_METHOD_MATCH = YES;
				COPY_PHASE_STRIP = NO;
				DEBUG_INFORMATION_FORMAT = dwarf;
				ENABLE_STRICT_OBJC_MSGSEND = YES;
				ENABLE_TESTABILITY = YES;
				GCC_C_LANGUAGE_STANDARD = gnu11;
				GCC_DYNAMIC_NO_PIC = NO;
				GCC_NO_COMMON_BLOCKS = YES;
				GCC_OPTIMIZATION_LEVEL = 0;
				GCC_PREPROCESSOR_DEFINITIONS = (
					"DEBUG=1",
					"$(inherited)",
				);
				GCC_WARN_64_TO_32_BIT_CONVERSION = YES;
				GCC_WARN_ABOUT_RETURN_TYPE = YES_ERROR;
				GCC_WARN_UNDECLARED_SELECTOR = YES;
				GCC_WARN_UNINITIALIZED_AUTOS = YES_AGGRESSIVE;
				GCC_WARN_UNUSED_FUNCTION = YES;
				GCC_WARN_UNUSED_VARIABLE = YES;
				IPHONEOS_DEPLOYMENT_TARGET = 13.2;
				MTL_ENABLE_DEBUG_INFO = INCLUDE_SOURCE;
				MTL_FAST_MATH = YES;
				ONLY_ACTIVE_ARCH = YES;
				SDKROOT = iphoneos;
				SWIFT_ACTIVE_COMPILATION_CONDITIONS = DEBUG;
				SWIFT_OPTIMIZATION_LEVEL = "-Onone";
			};
			name = Debug;
		};
		F098C76F23FF2657003F828E /* Release */ = {
			isa = XCBuildConfiguration;
			buildSettings = {
				ALWAYS_SEARCH_USER_PATHS = NO;
				CLANG_ANALYZER_NONNULL = YES;
				CLANG_ANALYZER_NUMBER_OBJECT_CONVERSION = YES_AGGRESSIVE;
				CLANG_CXX_LANGUAGE_STANDARD = "gnu++14";
				CLANG_CXX_LIBRARY = "libc++";
				CLANG_ENABLE_MODULES = YES;
				CLANG_ENABLE_OBJC_ARC = YES;
				CLANG_ENABLE_OBJC_WEAK = YES;
				CLANG_WARN_BLOCK_CAPTURE_AUTORELEASING = YES;
				CLANG_WARN_BOOL_CONVERSION = YES;
				CLANG_WARN_COMMA = YES;
				CLANG_WARN_CONSTANT_CONVERSION = YES;
				CLANG_WARN_DEPRECATED_OBJC_IMPLEMENTATIONS = YES;
				CLANG_WARN_DIRECT_OBJC_ISA_USAGE = YES_ERROR;
				CLANG_WARN_DOCUMENTATION_COMMENTS = YES;
				CLANG_WARN_EMPTY_BODY = YES;
				CLANG_WARN_ENUM_CONVERSION = YES;
				CLANG_WARN_INFINITE_RECURSION = YES;
				CLANG_WARN_INT_CONVERSION = YES;
				CLANG_WARN_NON_LITERAL_NULL_CONVERSION = YES;
				CLANG_WARN_OBJC_IMPLICIT_RETAIN_SELF = YES;
				CLANG_WARN_OBJC_LITERAL_CONVERSION = YES;
				CLANG_WARN_OBJC_ROOT_CLASS = YES_ERROR;
				CLANG_WARN_RANGE_LOOP_ANALYSIS = YES;
				CLANG_WARN_STRICT_PROTOTYPES = YES;
				CLANG_WARN_SUSPICIOUS_MOVE = YES;
				CLANG_WARN_UNGUARDED_AVAILABILITY = YES_AGGRESSIVE;
				CLANG_WARN_UNREACHABLE_CODE = YES;
				CLANG_WARN__DUPLICATE_METHOD_MATCH = YES;
				COPY_PHASE_STRIP = NO;
				DEBUG_INFORMATION_FORMAT = "dwarf-with-dsym";
				ENABLE_NS_ASSERTIONS = NO;
				ENABLE_STRICT_OBJC_MSGSEND = YES;
				GCC_C_LANGUAGE_STANDARD = gnu11;
				GCC_NO_COMMON_BLOCKS = YES;
				GCC_WARN_64_TO_32_BIT_CONVERSION = YES;
				GCC_WARN_ABOUT_RETURN_TYPE = YES_ERROR;
				GCC_WARN_UNDECLARED_SELECTOR = YES;
				GCC_WARN_UNINITIALIZED_AUTOS = YES_AGGRESSIVE;
				GCC_WARN_UNUSED_FUNCTION = YES;
				GCC_WARN_UNUSED_VARIABLE = YES;
				IPHONEOS_DEPLOYMENT_TARGET = 13.2;
				MTL_ENABLE_DEBUG_INFO = NO;
				MTL_FAST_MATH = YES;
				SDKROOT = iphoneos;
				SWIFT_COMPILATION_MODE = wholemodule;
				SWIFT_OPTIMIZATION_LEVEL = "-O";
				VALIDATE_PRODUCT = YES;
			};
			name = Release;
		};
		F098C77123FF2657003F828E /* Debug */ = {
			isa = XCBuildConfiguration;
			buildSettings = {
				ASSETCATALOG_COMPILER_APPICON_NAME = AppIcon;
				CODE_SIGN_STYLE = Automatic;
				INFOPLIST_FILE = BottomAppBar/Info.plist;
				LD_RUNPATH_SEARCH_PATHS = (
					"$(inherited)",
					"@executable_path/Frameworks",
				);
				PRODUCT_BUNDLE_IDENTIFIER = br.com.BottomAppBar;
				PRODUCT_NAME = "$(TARGET_NAME)";
				SWIFT_VERSION = 5.0;
				TARGETED_DEVICE_FAMILY = "1,2";
			};
			name = Debug;
		};
		F098C77223FF2657003F828E /* Release */ = {
			isa = XCBuildConfiguration;
			buildSettings = {
				ASSETCATALOG_COMPILER_APPICON_NAME = AppIcon;
				CODE_SIGN_STYLE = Automatic;
				INFOPLIST_FILE = BottomAppBar/Info.plist;
				LD_RUNPATH_SEARCH_PATHS = (
					"$(inherited)",
					"@executable_path/Frameworks",
				);
				PRODUCT_BUNDLE_IDENTIFIER = br.com.BottomAppBar;
				PRODUCT_NAME = "$(TARGET_NAME)";
				SWIFT_VERSION = 5.0;
				TARGETED_DEVICE_FAMILY = "1,2";
			};
			name = Release;
		};
/* End XCBuildConfiguration section */

/* Begin XCConfigurationList section */
		F098C75723FF2653003F828E /* Build configuration list for PBXProject "BottomAppBar" */ = {
			isa = XCConfigurationList;
			buildConfigurations = (
				F098C76E23FF2657003F828E /* Debug */,
				F098C76F23FF2657003F828E /* Release */,
			);
			defaultConfigurationIsVisible = 0;
			defaultConfigurationName = Release;
		};
		F098C77023FF2657003F828E /* Build configuration list for PBXNativeTarget "BottomAppBar" */ = {
			isa = XCConfigurationList;
			buildConfigurations = (
				F098C77123FF2657003F828E /* Debug */,
				F098C77223FF2657003F828E /* Release */,
			);
			defaultConfigurationIsVisible = 0;
			defaultConfigurationName = Release;
		};
/* End XCConfigurationList section */
	};
	rootObject = F098C75423FF2653003F828E /* Project object */;
}
